// !$*UTF8*$!
{
	archiveVersion = 1;
	classes = {
	};
	objectVersion = 46;
	objects = {

/* Begin PBXBuildFile section */
		86112B401A5880180066BD10 /* AppDelegate.swift in Sources */ = {isa = PBXBuildFile; fileRef = 86112B3F1A5880180066BD10 /* AppDelegate.swift */; };
		86112B431A5880180066BD10 /* gerenciadorTarefas.xcdatamodeld in Sources */ = {isa = PBXBuildFile; fileRef = 86112B411A5880180066BD10 /* gerenciadorTarefas.xcdatamodeld */; };
		86112B451A5880180066BD10 /* ViewController.swift in Sources */ = {isa = PBXBuildFile; fileRef = 86112B441A5880180066BD10 /* ViewController.swift */; };
		86112B481A5880180066BD10 /* Main.storyboard in Resources */ = {isa = PBXBuildFile; fileRef = 86112B461A5880180066BD10 /* Main.storyboard */; };
		86112B4A1A5880180066BD10 /* Images.xcassets in Resources */ = {isa = PBXBuildFile; fileRef = 86112B491A5880180066BD10 /* Images.xcassets */; };
		86112B4D1A5880180066BD10 /* LaunchScreen.xib in Resources */ = {isa = PBXBuildFile; fileRef = 86112B4B1A5880180066BD10 /* LaunchScreen.xib */; };
		86112B591A5880180066BD10 /* gerenciadorTarefasTests.swift in Sources */ = {isa = PBXBuildFile; fileRef = 86112B581A5880180066BD10 /* gerenciadorTarefasTests.swift */; };
/* End PBXBuildFile section */

/* Begin PBXContainerItemProxy section */
		86112B531A5880180066BD10 /* PBXContainerItemProxy */ = {
			isa = PBXContainerItemProxy;
			containerPortal = 86112B321A5880180066BD10 /* Project object */;
			proxyType = 1;
			remoteGlobalIDString = 86112B391A5880180066BD10;
			remoteInfo = gerenciadorTarefas;
		};
/* End PBXContainerItemProxy section */

/* Begin PBXFileReference section */
		86112B3A1A5880180066BD10 /* gerenciadorTarefas.app */ = {isa = PBXFileReference; explicitFileType = wrapper.application; includeInIndex = 0; path = gerenciadorTarefas.app; sourceTree = BUILT_PRODUCTS_DIR; };
		86112B3E1A5880180066BD10 /* Info.plist */ = {isa = PBXFileReference; lastKnownFileType = text.plist.xml; path = Info.plist; sourceTree = "<group>"; };
		86112B3F1A5880180066BD10 /* AppDelegate.swift */ = {isa = PBXFileReference; lastKnownFileType = sourcecode.swift; path = AppDelegate.swift; sourceTree = "<group>"; };
		86112B421A5880180066BD10 /* gerenciadorTarefas.xcdatamodel */ = {isa = PBXFileReference; lastKnownFileType = wrapper.xcdatamodel; path = gerenciadorTarefas.xcdatamodel; sourceTree = "<group>"; };
		86112B441A5880180066BD10 /* ViewController.swift */ = {isa = PBXFileReference; lastKnownFileType = sourcecode.swift; path = ViewController.swift; sourceTree = "<group>"; };
		86112B471A5880180066BD10 /* Base */ = {isa = PBXFileReference; lastKnownFileType = file.storyboard; name = Base; path = Base.lproj/Main.storyboard; sourceTree = "<group>"; };
		86112B491A5880180066BD10 /* Images.xcassets */ = {isa = PBXFileReference; lastKnownFileType = folder.assetcatalog; path = Images.xcassets; sourceTree = "<group>"; };
		86112B4C1A5880180066BD10 /* Base */ = {isa = PBXFileReference; lastKnownFileType = file.xib; name = Base; path = Base.lproj/LaunchScreen.xib; sourceTree = "<group>"; };
		86112B521A5880180066BD10 /* gerenciadorTarefasTests.xctest */ = {isa = PBXFileReference; explicitFileType = wrapper.cfbundle; includeInIndex = 0; path = gerenciadorTarefasTests.xctest; sourceTree = BUILT_PRODUCTS_DIR; };
		86112B571A5880180066BD10 /* Info.plist */ = {isa = PBXFileReference; lastKnownFileType = text.plist.xml; path = Info.plist; sourceTree = "<group>"; };
		86112B581A5880180066BD10 /* gerenciadorTarefasTests.swift */ = {isa = PBXFileReference; lastKnownFileType = sourcecode.swift; path = gerenciadorTarefasTests.swift; sourceTree = "<group>"; };
/* End PBXFileReference section */

/* Begin PBXFrameworksBuildPhase section */
		86112B371A5880180066BD10 /* Frameworks */ = {
			isa = PBXFrameworksBuildPhase;
			buildActionMask = 2147483647;
			files = (
			);
			runOnlyForDeploymentPostprocessing = 0;
		};
		86112B4F1A5880180066BD10 /* Frameworks */ = {
			isa = PBXFrameworksBuildPhase;
			buildActionMask = 2147483647;
			files = (
			);
			runOnlyForDeploymentPostprocessing = 0;
		};
/* End PBXFrameworksBuildPhase section */

/* Begin PBXGroup section */
		86112B311A5880180066BD10 = {
			isa = PBXGroup;
			children = (
				86112B3C1A5880180066BD10 /* gerenciadorTarefas */,
				86112B551A5880180066BD10 /* gerenciadorTarefasTests */,
				86112B3B1A5880180066BD10 /* Products */,
			);
			sourceTree = "<group>";
		};
		86112B3B1A5880180066BD10 /* Products */ = {
			isa = PBXGroup;
			children = (
				86112B3A1A5880180066BD10 /* gerenciadorTarefas.app */,
				86112B521A5880180066BD10 /* gerenciadorTarefasTests.xctest */,
			);
			name = Products;
			sourceTree = "<group>";
		};
		86112B3C1A5880180066BD10 /* gerenciadorTarefas */ = {
			isa = PBXGroup;
			children = (
				86112B3F1A5880180066BD10 /* AppDelegate.swift */,
				86112B441A5880180066BD10 /* ViewController.swift */,
				86112B461A5880180066BD10 /* Main.storyboard */,
				86112B491A5880180066BD10 /* Images.xcassets */,
				86112B4B1A5880180066BD10 /* LaunchScreen.xib */,
				86112B411A5880180066BD10 /* gerenciadorTarefas.xcdatamodeld */,
				86112B3D1A5880180066BD10 /* Supporting Files */,
			);
			path = gerenciadorTarefas;
			sourceTree = "<group>";
		};
		86112B3D1A5880180066BD10 /* Supporting Files */ = {
			isa = PBXGroup;
			children = (
				86112B3E1A5880180066BD10 /* Info.plist */,
			);
			name = "Supporting Files";
			sourceTree = "<group>";
		};
		86112B551A5880180066BD10 /* gerenciadorTarefasTests */ = {
			isa = PBXGroup;
			children = (
				86112B581A5880180066BD10 /* gerenciadorTarefasTests.swift */,
				86112B561A5880180066BD10 /* Supporting Files */,
			);
			path = gerenciadorTarefasTests;
			sourceTree = "<group>";
		};
		86112B561A5880180066BD10 /* Supporting Files */ = {
			isa = PBXGroup;
			children = (
				86112B571A5880180066BD10 /* Info.plist */,
			);
			name = "Supporting Files";
			sourceTree = "<group>";
		};
/* End PBXGroup section */

/* Begin PBXNativeTarget section */
		86112B391A5880180066BD10 /* gerenciadorTarefas */ = {
			isa = PBXNativeTarget;
			buildConfigurationList = 86112B5C1A5880180066BD10 /* Build configuration list for PBXNativeTarget "gerenciadorTarefas" */;
			buildPhases = (
				86112B361A5880180066BD10 /* Sources */,
				86112B371A5880180066BD10 /* Frameworks */,
				86112B381A5880180066BD10 /* Resources */,
			);
			buildRules = (
			);
			dependencies = (
			);
			name = gerenciadorTarefas;
			productName = gerenciadorTarefas;
			productReference = 86112B3A1A5880180066BD10 /* gerenciadorTarefas.app */;
			productType = "com.apple.product-type.application";
		};
		86112B511A5880180066BD10 /* gerenciadorTarefasTests */ = {
			isa = PBXNativeTarget;
			buildConfigurationList = 86112B5F1A5880180066BD10 /* Build configuration list for PBXNativeTarget "gerenciadorTarefasTests" */;
			buildPhases = (
				86112B4E1A5880180066BD10 /* Sources */,
				86112B4F1A5880180066BD10 /* Frameworks */,
				86112B501A5880180066BD10 /* Resources */,
			);
			buildRules = (
			);
			dependencies = (
				86112B541A5880180066BD10 /* PBXTargetDependency */,
			);
			name = gerenciadorTarefasTests;
			productName = gerenciadorTarefasTests;
			productReference = 86112B521A5880180066BD10 /* gerenciadorTarefasTests.xctest */;
			productType = "com.apple.product-type.bundle.unit-test";
		};
/* End PBXNativeTarget section */

/* Begin PBXProject section */
		86112B321A5880180066BD10 /* Project object */ = {
			isa = PBXProject;
			attributes = {
				LastUpgradeCheck = 0610;
				ORGANIZATIONNAME = megamil;
				TargetAttributes = {
					86112B391A5880180066BD10 = {
						CreatedOnToolsVersion = 6.1.1;
					};
					86112B511A5880180066BD10 = {
						CreatedOnToolsVersion = 6.1.1;
						TestTargetID = 86112B391A5880180066BD10;
					};
				};
			};
			buildConfigurationList = 86112B351A5880180066BD10 /* Build configuration list for PBXProject "gerenciadorTarefas" */;
			compatibilityVersion = "Xcode 3.2";
			developmentRegion = English;
			hasScannedForEncodings = 0;
			knownRegions = (
				en,
				Base,
			);
			mainGroup = 86112B311A5880180066BD10;
			productRefGroup = 86112B3B1A5880180066BD10 /* Products */;
			projectDirPath = "";
			projectRoot = "";
			targets = (
				86112B391A5880180066BD10 /* gerenciadorTarefas */,
				86112B511A5880180066BD10 /* gerenciadorTarefasTests */,
			);
		};
/* End PBXProject section */

/* Begin PBXResourcesBuildPhase section */
		86112B381A5880180066BD10 /* Resources */ = {
			isa = PBXResourcesBuildPhase;
			buildActionMask = 2147483647;
			files = (
				86112B481A5880180066BD10 /* Main.storyboard in Resources */,
				86112B4D1A5880180066BD10 /* LaunchScreen.xib in Resources */,
				86112B4A1A5880180066BD10 /* Images.xcassets in Resources */,
			);
			runOnlyForDeploymentPostprocessing = 0;
		};
		86112B501A5880180066BD10 /* Resources */ = {
			isa = PBXResourcesBuildPhase;
			buildActionMask = 2147483647;
			files = (
			);
			runOnlyForDeploymentPostprocessing = 0;
		};
/* End PBXResourcesBuildPhase section */

/* Begin PBXSourcesBuildPhase section */
		86112B361A5880180066BD10 /* Sources */ = {
			isa = PBXSourcesBuildPhase;
			buildActionMask = 2147483647;
			files = (
				86112B451A5880180066BD10 /* ViewController.swift in Sources */,
				86112B431A5880180066BD10 /* gerenciadorTarefas.xcdatamodeld in Sources */,
				86112B401A5880180066BD10 /* AppDelegate.swift in Sources */,
			);
			runOnlyForDeploymentPostprocessing = 0;
		};
		86112B4E1A5880180066BD10 /* Sources */ = {
			isa = PBXSourcesBuildPhase;
			buildActionMask = 2147483647;
			files = (
				86112B591A5880180066BD10 /* gerenciadorTarefasTests.swift in Sources */,
			);
			runOnlyForDeploymentPostprocessing = 0;
		};
/* End PBXSourcesBuildPhase section */

/* Begin PBXTargetDependency section */
		86112B541A5880180066BD10 /* PBXTargetDependency */ = {
			isa = PBXTargetDependency;
			target = 86112B391A5880180066BD10 /* gerenciadorTarefas */;
			targetProxy = 86112B531A5880180066BD10 /* PBXContainerItemProxy */;
		};
/* End PBXTargetDependency section */

/* Begin PBXVariantGroup section */
		86112B461A5880180066BD10 /* Main.storyboard */ = {
			isa = PBXVariantGroup;
			children = (
				86112B471A5880180066BD10 /* Base */,
			);
			name = Main.storyboard;
			sourceTree = "<group>";
		};
		86112B4B1A5880180066BD10 /* LaunchScreen.xib */ = {
			isa = PBXVariantGroup;
			children = (
				86112B4C1A5880180066BD10 /* Base */,
			);
			name = LaunchScreen.xib;
			sourceTree = "<group>";
		};
/* End PBXVariantGroup section */

/* Begin XCBuildConfiguration section */
		86112B5A1A5880180066BD10 /* Debug */ = {
			isa = XCBuildConfiguration;
			buildSettings = {
				ALWAYS_SEARCH_USER_PATHS = NO;
				CLANG_CXX_LANGUAGE_STANDARD = "gnu++0x";
				CLANG_CXX_LIBRARY = "libc++";
				CLANG_ENABLE_MODULES = YES;
				CLANG_ENABLE_OBJC_ARC = YES;
				CLANG_WARN_BOOL_CONVERSION = YES;
				CLANG_WARN_CONSTANT_CONVERSION = YES;
				CLANG_WARN_DIRECT_OBJC_ISA_USAGE = YES_ERROR;
				CLANG_WARN_EMPTY_BODY = YES;
				CLANG_WARN_ENUM_CONVERSION = YES;
				CLANG_WARN_INT_CONVERSION = YES;
				CLANG_WARN_OBJC_ROOT_CLASS = YES_ERROR;
				CLANG_WARN_UNREACHABLE_CODE = YES;
				CLANG_WARN__DUPLICATE_METHOD_MATCH = YES;
				"CODE_SIGN_IDENTITY[sdk=iphoneos*]" = "iPhone Developer";
				COPY_PHASE_STRIP = NO;
				ENABLE_STRICT_OBJC_MSGSEND = YES;
				GCC_C_LANGUAGE_STANDARD = gnu99;
				GCC_DYNAMIC_NO_PIC = NO;
				GCC_OPTIMIZATION_LEVEL = 0;
				GCC_PREPROCESSOR_DEFINITIONS = (
					"DEBUG=1",
					"$(inherited)",
				);
				GCC_SYMBOLS_PRIVATE_EXTERN = NO;
				GCC_WARN_64_TO_32_BIT_CONVERSION = YES;
				GCC_WARN_ABOUT_RETURN_TYPE = YES_ERROR;
				GCC_WARN_UNDECLARED_SELECTOR = YES;
				GCC_WARN_UNINITIALIZED_AUTOS = YES_AGGRESSIVE;
				GCC_WARN_UNUSED_FUNCTION = YES;
				GCC_WARN_UNUSED_VARIABLE = YES;
				IPHONEOS_DEPLOYMENT_TARGET = 8.1;
				MTL_ENABLE_DEBUG_INFO = YES;
				ONLY_ACTIVE_ARCH = YES;
				SDKROOT = iphoneos;
				SWIFT_OPTIMIZATION_LEVEL = "-Onone";
				TARGETED_DEVICE_FAMILY = "1,2";
			};
			name = Debug;
		};
		86112B5B1A5880180066BD10 /* Release */ = {
			isa = XCBuildConfiguration;
			buildSettings = {
				ALWAYS_SEARCH_USER_PATHS = NO;
				CLANG_CXX_LANGUAGE_STANDARD = "gnu++0x";
				CLANG_CXX_LIBRARY = "libc++";
				CLANG_ENABLE_MODULES = YES;
				CLANG_ENABLE_OBJC_ARC = YES;
				CLANG_WARN_BOOL_CONVERSION = YES;
				CLANG_WARN_CONSTANT_CONVERSION = YES;
				CLANG_WARN_DIRECT_OBJC_ISA_USAGE = YES_ERROR;
				CLANG_WARN_EMPTY_BODY = YES;
				CLANG_WARN_ENUM_CONVERSION = YES;
				CLANG_WARN_INT_CONVERSION = YES;
				CLANG_WARN_OBJC_ROOT_CLASS = YES_ERROR;
				CLANG_WARN_UNREACHABLE_CODE = YES;
				CLANG_WARN__DUPLICATE_METHOD_MATCH = YES;
				"CODE_SIGN_IDENTITY[sdk=iphoneos*]" = "iPhone Developer";
				COPY_PHASE_STRIP = YES;
				ENABLE_NS_ASSERTIONS = NO;
				ENABLE_STRICT_OBJC_MSGSEND = YES;
				GCC_C_LANGUAGE_STANDARD = gnu99;
				GCC_WARN_64_TO_32_BIT_CONVERSION = YES;
				GCC_WARN_ABOUT_RETURN_TYPE = YES_ERROR;
				GCC_WARN_UNDECLARED_SELECTOR = YES;
				GCC_WARN_UNINITIALIZED_AUTOS = YES_AGGRESSIVE;
				GCC_WARN_UNUSED_FUNCTION = YES;
				GCC_WARN_UNUSED_VARIABLE = YES;
				IPHONEOS_DEPLOYMENT_TARGET = 8.1;
				MTL_ENABLE_DEBUG_INFO = NO;
				SDKROOT = iphoneos;
				TARGETED_DEVICE_FAMILY = "1,2";
				VALIDATE_PRODUCT = YES;
			};
			name = Release;
		};
		86112B5D1A5880180066BD10 /* Debug */ = {
			isa = XCBuildConfiguration;
			buildSettings = {
				ASSETCATALOG_COMPILER_APPICON_NAME = AppIcon;
				INFOPLIST_FILE = gerenciadorTarefas/Info.plist;
				LD_RUNPATH_SEARCH_PATHS = "$(inherited) @executable_path/Frameworks";
				PRODUCT_NAME = "$(TARGET_NAME)";
			};
			name = Debug;
		};
		86112B5E1A5880180066BD10 /* Release */ = {
			isa = XCBuildConfiguration;
			buildSettings = {
				ASSETCATALOG_COMPILER_APPICON_NAME = AppIcon;
				INFOPLIST_FILE = gerenciadorTarefas/Info.plist;
				LD_RUNPATH_SEARCH_PATHS = "$(inherited) @executable_path/Frameworks";
				PRODUCT_NAME = "$(TARGET_NAME)";
			};
			name = Release;
		};
		86112B601A5880180066BD10 /* Debug */ = {
			isa = XCBuildConfiguration;
			buildSettings = {
				BUNDLE_LOADER = "$(TEST_HOST)";
				FRAMEWORK_SEARCH_PATHS = (
					"$(SDKROOT)/Developer/Library/Frameworks",
					"$(inherited)",
				);
				GCC_PREPROCESSOR_DEFINITIONS = (
					"DEBUG=1",
					"$(inherited)",
				);
				INFOPLIST_FILE = gerenciadorTarefasTests/Info.plist;
				LD_RUNPATH_SEARCH_PATHS = "$(inherited) @executable_path/Frameworks @loader_path/Frameworks";
				PRODUCT_NAME = "$(TARGET_NAME)";
				TEST_HOST = "$(BUILT_PRODUCTS_DIR)/gerenciadorTarefas.app/gerenciadorTarefas";
			};
			name = Debug;
		};
		86112B611A5880180066BD10 /* Release */ = {
			isa = XCBuildConfiguration;
			buildSettings = {
				BUNDLE_LOADER = "$(TEST_HOST)";
				FRAMEWORK_SEARCH_PATHS = (
					"$(SDKROOT)/Developer/Library/Frameworks",
					"$(inherited)",
				);
				INFOPLIST_FILE = gerenciadorTarefasTests/Info.plist;
				LD_RUNPATH_SEARCH_PATHS = "$(inherited) @executable_path/Frameworks @loader_path/Frameworks";
				PRODUCT_NAME = "$(TARGET_NAME)";
				TEST_HOST = "$(BUILT_PRODUCTS_DIR)/gerenciadorTarefas.app/gerenciadorTarefas";
			};
			name = Release;
		};
/* End XCBuildConfiguration section */

/* Begin XCConfigurationList section */
		86112B351A5880180066BD10 /* Build configuration list for PBXProject "gerenciadorTarefas" */ = {
			isa = XCConfigurationList;
			buildConfigurations = (
				86112B5A1A5880180066BD10 /* Debug */,
				86112B5B1A5880180066BD10 /* Release */,
			);
			defaultConfigurationIsVisible = 0;
			defaultConfigurationName = Release;
		};
		86112B5C1A5880180066BD10 /* Build configuration list for PBXNativeTarget "gerenciadorTarefas" */ = {
			isa = XCConfigurationList;
			buildConfigurations = (
				86112B5D1A5880180066BD10 /* Debug */,
				86112B5E1A5880180066BD10 /* Release */,
			);
			defaultConfigurationIsVisible = 0;
		};
		86112B5F1A5880180066BD10 /* Build configuration list for PBXNativeTarget "gerenciadorTarefasTests" */ = {
			isa = XCConfigurationList;
			buildConfigurations = (
				86112B601A5880180066BD10 /* Debug */,
				86112B611A5880180066BD10 /* Release */,
			);
			defaultConfigurationIsVisible = 0;
		};
/* End XCConfigurationList section */

/* Begin XCVersionGroup section */
		86112B411A5880180066BD10 /* gerenciadorTarefas.xcdatamodeld */ = {
			isa = XCVersionGroup;
			children = (
				86112B421A5880180066BD10 /* gerenciadorTarefas.xcdatamodel */,
			);
			currentVersion = 86112B421A5880180066BD10 /* gerenciadorTarefas.xcdatamodel */;
			path = gerenciadorTarefas.xcdatamodeld;
			sourceTree = "<group>";
			versionGroupType = wrapper.xcdatamodel;
		};
/* End XCVersionGroup section */
	};
	rootObject = 86112B321A5880180066BD10 /* Project object */;
}
