// !$*UTF8*$!
{
	archiveVersion = 1;
	classes = {
	};
	objectVersion = 46;
	objects = {

/* Begin PBXBuildFile section */
		86ED13161A5450290043DF56 /* AppDelegate.swift in Sources */ = {isa = PBXBuildFile; fileRef = 86ED13151A5450290043DF56 /* AppDelegate.swift */; };
		86ED13181A5450290043DF56 /* ViewController.swift in Sources */ = {isa = PBXBuildFile; fileRef = 86ED13171A5450290043DF56 /* ViewController.swift */; };
		86ED131B1A5450290043DF56 /* Main.storyboard in Resources */ = {isa = PBXBuildFile; fileRef = 86ED13191A5450290043DF56 /* Main.storyboard */; };
		86ED131D1A5450290043DF56 /* Images.xcassets in Resources */ = {isa = PBXBuildFile; fileRef = 86ED131C1A5450290043DF56 /* Images.xcassets */; };
		86ED13201A5450290043DF56 /* LaunchScreen.xib in Resources */ = {isa = PBXBuildFile; fileRef = 86ED131E1A5450290043DF56 /* LaunchScreen.xib */; };
		86ED132C1A5450290043DF56 /* LocalizarTests.swift in Sources */ = {isa = PBXBuildFile; fileRef = 86ED132B1A5450290043DF56 /* LocalizarTests.swift */; };
		86ED13361A54503C0043DF56 /* CoreLocation.framework in Frameworks */ = {isa = PBXBuildFile; fileRef = 86ED13351A54503C0043DF56 /* CoreLocation.framework */; };
/* End PBXBuildFile section */

/* Begin PBXContainerItemProxy section */
		86ED13261A5450290043DF56 /* PBXContainerItemProxy */ = {
			isa = PBXContainerItemProxy;
			containerPortal = 86ED13081A5450290043DF56 /* Project object */;
			proxyType = 1;
			remoteGlobalIDString = 86ED130F1A5450290043DF56;
			remoteInfo = Localizar;
		};
/* End PBXContainerItemProxy section */

/* Begin PBXFileReference section */
		86ED13101A5450290043DF56 /* Localizar.app */ = {isa = PBXFileReference; explicitFileType = wrapper.application; includeInIndex = 0; path = Localizar.app; sourceTree = BUILT_PRODUCTS_DIR; };
		86ED13141A5450290043DF56 /* Info.plist */ = {isa = PBXFileReference; lastKnownFileType = text.plist.xml; path = Info.plist; sourceTree = "<group>"; };
		86ED13151A5450290043DF56 /* AppDelegate.swift */ = {isa = PBXFileReference; lastKnownFileType = sourcecode.swift; path = AppDelegate.swift; sourceTree = "<group>"; };
		86ED13171A5450290043DF56 /* ViewController.swift */ = {isa = PBXFileReference; lastKnownFileType = sourcecode.swift; path = ViewController.swift; sourceTree = "<group>"; };
		86ED131A1A5450290043DF56 /* Base */ = {isa = PBXFileReference; lastKnownFileType = file.storyboard; name = Base; path = Base.lproj/Main.storyboard; sourceTree = "<group>"; };
		86ED131C1A5450290043DF56 /* Images.xcassets */ = {isa = PBXFileReference; lastKnownFileType = folder.assetcatalog; path = Images.xcassets; sourceTree = "<group>"; };
		86ED131F1A5450290043DF56 /* Base */ = {isa = PBXFileReference; lastKnownFileType = file.xib; name = Base; path = Base.lproj/LaunchScreen.xib; sourceTree = "<group>"; };
		86ED13251A5450290043DF56 /* LocalizarTests.xctest */ = {isa = PBXFileReference; explicitFileType = wrapper.cfbundle; includeInIndex = 0; path = LocalizarTests.xctest; sourceTree = BUILT_PRODUCTS_DIR; };
		86ED132A1A5450290043DF56 /* Info.plist */ = {isa = PBXFileReference; lastKnownFileType = text.plist.xml; path = Info.plist; sourceTree = "<group>"; };
		86ED132B1A5450290043DF56 /* LocalizarTests.swift */ = {isa = PBXFileReference; lastKnownFileType = sourcecode.swift; path = LocalizarTests.swift; sourceTree = "<group>"; };
		86ED13351A54503C0043DF56 /* CoreLocation.framework */ = {isa = PBXFileReference; lastKnownFileType = wrapper.framework; name = CoreLocation.framework; path = System/Library/Frameworks/CoreLocation.framework; sourceTree = SDKROOT; };
/* End PBXFileReference section */

/* Begin PBXFrameworksBuildPhase section */
		86ED130D1A5450290043DF56 /* Frameworks */ = {
			isa = PBXFrameworksBuildPhase;
			buildActionMask = 2147483647;
			files = (
				86ED13361A54503C0043DF56 /* CoreLocation.framework in Frameworks */,
			);
			runOnlyForDeploymentPostprocessing = 0;
		};
		86ED13221A5450290043DF56 /* Frameworks */ = {
			isa = PBXFrameworksBuildPhase;
			buildActionMask = 2147483647;
			files = (
			);
			runOnlyForDeploymentPostprocessing = 0;
		};
/* End PBXFrameworksBuildPhase section */

/* Begin PBXGroup section */
		86ED13071A5450290043DF56 = {
			isa = PBXGroup;
			children = (
				86ED13351A54503C0043DF56 /* CoreLocation.framework */,
				86ED13121A5450290043DF56 /* Localizar */,
				86ED13281A5450290043DF56 /* LocalizarTests */,
				86ED13111A5450290043DF56 /* Products */,
			);
			sourceTree = "<group>";
		};
		86ED13111A5450290043DF56 /* Products */ = {
			isa = PBXGroup;
			children = (
				86ED13101A5450290043DF56 /* Localizar.app */,
				86ED13251A5450290043DF56 /* LocalizarTests.xctest */,
			);
			name = Products;
			sourceTree = "<group>";
		};
		86ED13121A5450290043DF56 /* Localizar */ = {
			isa = PBXGroup;
			children = (
				86ED13151A5450290043DF56 /* AppDelegate.swift */,
				86ED13171A5450290043DF56 /* ViewController.swift */,
				86ED13191A5450290043DF56 /* Main.storyboard */,
				86ED131C1A5450290043DF56 /* Images.xcassets */,
				86ED131E1A5450290043DF56 /* LaunchScreen.xib */,
				86ED13131A5450290043DF56 /* Supporting Files */,
			);
			path = Localizar;
			sourceTree = "<group>";
		};
		86ED13131A5450290043DF56 /* Supporting Files */ = {
			isa = PBXGroup;
			children = (
				86ED13141A5450290043DF56 /* Info.plist */,
			);
			name = "Supporting Files";
			sourceTree = "<group>";
		};
		86ED13281A5450290043DF56 /* LocalizarTests */ = {
			isa = PBXGroup;
			children = (
				86ED132B1A5450290043DF56 /* LocalizarTests.swift */,
				86ED13291A5450290043DF56 /* Supporting Files */,
			);
			path = LocalizarTests;
			sourceTree = "<group>";
		};
		86ED13291A5450290043DF56 /* Supporting Files */ = {
			isa = PBXGroup;
			children = (
				86ED132A1A5450290043DF56 /* Info.plist */,
			);
			name = "Supporting Files";
			sourceTree = "<group>";
		};
/* End PBXGroup section */

/* Begin PBXNativeTarget section */
		86ED130F1A5450290043DF56 /* Localizar */ = {
			isa = PBXNativeTarget;
			buildConfigurationList = 86ED132F1A5450290043DF56 /* Build configuration list for PBXNativeTarget "Localizar" */;
			buildPhases = (
				86ED130C1A5450290043DF56 /* Sources */,
				86ED130D1A5450290043DF56 /* Frameworks */,
				86ED130E1A5450290043DF56 /* Resources */,
			);
			buildRules = (
			);
			dependencies = (
			);
			name = Localizar;
			productName = Localizar;
			productReference = 86ED13101A5450290043DF56 /* Localizar.app */;
			productType = "com.apple.product-type.application";
		};
		86ED13241A5450290043DF56 /* LocalizarTests */ = {
			isa = PBXNativeTarget;
			buildConfigurationList = 86ED13321A5450290043DF56 /* Build configuration list for PBXNativeTarget "LocalizarTests" */;
			buildPhases = (
				86ED13211A5450290043DF56 /* Sources */,
				86ED13221A5450290043DF56 /* Frameworks */,
				86ED13231A5450290043DF56 /* Resources */,
			);
			buildRules = (
			);
			dependencies = (
				86ED13271A5450290043DF56 /* PBXTargetDependency */,
			);
			name = LocalizarTests;
			productName = LocalizarTests;
			productReference = 86ED13251A5450290043DF56 /* LocalizarTests.xctest */;
			productType = "com.apple.product-type.bundle.unit-test";
		};
/* End PBXNativeTarget section */

/* Begin PBXProject section */
		86ED13081A5450290043DF56 /* Project object */ = {
			isa = PBXProject;
			attributes = {
				LastUpgradeCheck = 0610;
				ORGANIZATIONNAME = "Eduardo dos santos";
				TargetAttributes = {
					86ED130F1A5450290043DF56 = {
						CreatedOnToolsVersion = 6.1.1;
					};
					86ED13241A5450290043DF56 = {
						CreatedOnToolsVersion = 6.1.1;
						TestTargetID = 86ED130F1A5450290043DF56;
					};
				};
			};
			buildConfigurationList = 86ED130B1A5450290043DF56 /* Build configuration list for PBXProject "Localizar" */;
			compatibilityVersion = "Xcode 3.2";
			developmentRegion = English;
			hasScannedForEncodings = 0;
			knownRegions = (
				en,
				Base,
			);
			mainGroup = 86ED13071A5450290043DF56;
			productRefGroup = 86ED13111A5450290043DF56 /* Products */;
			projectDirPath = "";
			projectRoot = "";
			targets = (
				86ED130F1A5450290043DF56 /* Localizar */,
				86ED13241A5450290043DF56 /* LocalizarTests */,
			);
		};
/* End PBXProject section */

/* Begin PBXResourcesBuildPhase section */
		86ED130E1A5450290043DF56 /* Resources */ = {
			isa = PBXResourcesBuildPhase;
			buildActionMask = 2147483647;
			files = (
				86ED131B1A5450290043DF56 /* Main.storyboard in Resources */,
				86ED13201A5450290043DF56 /* LaunchScreen.xib in Resources */,
				86ED131D1A5450290043DF56 /* Images.xcassets in Resources */,
			);
			runOnlyForDeploymentPostprocessing = 0;
		};
		86ED13231A5450290043DF56 /* Resources */ = {
			isa = PBXResourcesBuildPhase;
			buildActionMask = 2147483647;
			files = (
			);
			runOnlyForDeploymentPostprocessing = 0;
		};
/* End PBXResourcesBuildPhase section */

/* Begin PBXSourcesBuildPhase section */
		86ED130C1A5450290043DF56 /* Sources */ = {
			isa = PBXSourcesBuildPhase;
			buildActionMask = 2147483647;
			files = (
				86ED13181A5450290043DF56 /* ViewController.swift in Sources */,
				86ED13161A5450290043DF56 /* AppDelegate.swift in Sources */,
			);
			runOnlyForDeploymentPostprocessing = 0;
		};
		86ED13211A5450290043DF56 /* Sources */ = {
			isa = PBXSourcesBuildPhase;
			buildActionMask = 2147483647;
			files = (
				86ED132C1A5450290043DF56 /* LocalizarTests.swift in Sources */,
			);
			runOnlyForDeploymentPostprocessing = 0;
		};
/* End PBXSourcesBuildPhase section */

/* Begin PBXTargetDependency section */
		86ED13271A5450290043DF56 /* PBXTargetDependency */ = {
			isa = PBXTargetDependency;
			target = 86ED130F1A5450290043DF56 /* Localizar */;
			targetProxy = 86ED13261A5450290043DF56 /* PBXContainerItemProxy */;
		};
/* End PBXTargetDependency section */

/* Begin PBXVariantGroup section */
		86ED13191A5450290043DF56 /* Main.storyboard */ = {
			isa = PBXVariantGroup;
			children = (
				86ED131A1A5450290043DF56 /* Base */,
			);
			name = Main.storyboard;
			sourceTree = "<group>";
		};
		86ED131E1A5450290043DF56 /* LaunchScreen.xib */ = {
			isa = PBXVariantGroup;
			children = (
				86ED131F1A5450290043DF56 /* Base */,
			);
			name = LaunchScreen.xib;
			sourceTree = "<group>";
		};
/* End PBXVariantGroup section */

/* Begin XCBuildConfiguration section */
		86ED132D1A5450290043DF56 /* Debug */ = {
			isa = XCBuildConfiguration;
			buildSettings = {
				ALWAYS_SEARCH_USER_PATHS = NO;
				CLANG_CXX_LANGUAGE_STANDARD = "gnu++0x";
				CLANG_CXX_LIBRARY = "libc++";
				CLANG_ENABLE_MODULES = YES;
				CLANG_ENABLE_OBJC_ARC = YES;
				CLANG_WARN_BOOL_CONVERSION = YES;
				CLANG_WARN_CONSTANT_CONVERSION = YES;
				CLANG_WARN_DIRECT_OBJC_ISA_USAGE = YES_ERROR;
				CLANG_WARN_EMPTY_BODY = YES;
				CLANG_WARN_ENUM_CONVERSION = YES;
				CLANG_WARN_INT_CONVERSION = YES;
				CLANG_WARN_OBJC_ROOT_CLASS = YES_ERROR;
				CLANG_WARN_UNREACHABLE_CODE = YES;
				CLANG_WARN__DUPLICATE_METHOD_MATCH = YES;
				"CODE_SIGN_IDENTITY[sdk=iphoneos*]" = "iPhone Developer";
				COPY_PHASE_STRIP = NO;
				ENABLE_STRICT_OBJC_MSGSEND = YES;
				GCC_C_LANGUAGE_STANDARD = gnu99;
				GCC_DYNAMIC_NO_PIC = NO;
				GCC_OPTIMIZATION_LEVEL = 0;
				GCC_PREPROCESSOR_DEFINITIONS = (
					"DEBUG=1",
					"$(inherited)",
				);
				GCC_SYMBOLS_PRIVATE_EXTERN = NO;
				GCC_WARN_64_TO_32_BIT_CONVERSION = YES;
				GCC_WARN_ABOUT_RETURN_TYPE = YES_ERROR;
				GCC_WARN_UNDECLARED_SELECTOR = YES;
				GCC_WARN_UNINITIALIZED_AUTOS = YES_AGGRESSIVE;
				GCC_WARN_UNUSED_FUNCTION = YES;
				GCC_WARN_UNUSED_VARIABLE = YES;
				IPHONEOS_DEPLOYMENT_TARGET = 8.1;
				MTL_ENABLE_DEBUG_INFO = YES;
				ONLY_ACTIVE_ARCH = YES;
				SDKROOT = iphoneos;
				SWIFT_OPTIMIZATION_LEVEL = "-Onone";
				TARGETED_DEVICE_FAMILY = "1,2";
			};
			name = Debug;
		};
		86ED132E1A5450290043DF56 /* Release */ = {
			isa = XCBuildConfiguration;
			buildSettings = {
				ALWAYS_SEARCH_USER_PATHS = NO;
				CLANG_CXX_LANGUAGE_STANDARD = "gnu++0x";
				CLANG_CXX_LIBRARY = "libc++";
				CLANG_ENABLE_MODULES = YES;
				CLANG_ENABLE_OBJC_ARC = YES;
				CLANG_WARN_BOOL_CONVERSION = YES;
				CLANG_WARN_CONSTANT_CONVERSION = YES;
				CLANG_WARN_DIRECT_OBJC_ISA_USAGE = YES_ERROR;
				CLANG_WARN_EMPTY_BODY = YES;
				CLANG_WARN_ENUM_CONVERSION = YES;
				CLANG_WARN_INT_CONVERSION = YES;
				CLANG_WARN_OBJC_ROOT_CLASS = YES_ERROR;
				CLANG_WARN_UNREACHABLE_CODE = YES;
				CLANG_WARN__DUPLICATE_METHOD_MATCH = YES;
				"CODE_SIGN_IDENTITY[sdk=iphoneos*]" = "iPhone Developer";
				COPY_PHASE_STRIP = YES;
				ENABLE_NS_ASSERTIONS = NO;
				ENABLE_STRICT_OBJC_MSGSEND = YES;
				GCC_C_LANGUAGE_STANDARD = gnu99;
				GCC_WARN_64_TO_32_BIT_CONVERSION = YES;
				GCC_WARN_ABOUT_RETURN_TYPE = YES_ERROR;
				GCC_WARN_UNDECLARED_SELECTOR = YES;
				GCC_WARN_UNINITIALIZED_AUTOS = YES_AGGRESSIVE;
				GCC_WARN_UNUSED_FUNCTION = YES;
				GCC_WARN_UNUSED_VARIABLE = YES;
				IPHONEOS_DEPLOYMENT_TARGET = 8.1;
				MTL_ENABLE_DEBUG_INFO = NO;
				SDKROOT = iphoneos;
				TARGETED_DEVICE_FAMILY = "1,2";
				VALIDATE_PRODUCT = YES;
			};
			name = Release;
		};
		86ED13301A5450290043DF56 /* Debug */ = {
			isa = XCBuildConfiguration;
			buildSettings = {
				ASSETCATALOG_COMPILER_APPICON_NAME = AppIcon;
				INFOPLIST_FILE = Localizar/Info.plist;
				LD_RUNPATH_SEARCH_PATHS = "$(inherited) @executable_path/Frameworks";
				PRODUCT_NAME = "$(TARGET_NAME)";
			};
			name = Debug;
		};
		86ED13311A5450290043DF56 /* Release */ = {
			isa = XCBuildConfiguration;
			buildSettings = {
				ASSETCATALOG_COMPILER_APPICON_NAME = AppIcon;
				INFOPLIST_FILE = Localizar/Info.plist;
				LD_RUNPATH_SEARCH_PATHS = "$(inherited) @executable_path/Frameworks";
				PRODUCT_NAME = "$(TARGET_NAME)";
			};
			name = Release;
		};
		86ED13331A5450290043DF56 /* Debug */ = {
			isa = XCBuildConfiguration;
			buildSettings = {
				BUNDLE_LOADER = "$(TEST_HOST)";
				FRAMEWORK_SEARCH_PATHS = (
					"$(SDKROOT)/Developer/Library/Frameworks",
					"$(inherited)",
				);
				GCC_PREPROCESSOR_DEFINITIONS = (
					"DEBUG=1",
					"$(inherited)",
				);
				INFOPLIST_FILE = LocalizarTests/Info.plist;
				LD_RUNPATH_SEARCH_PATHS = "$(inherited) @executable_path/Frameworks @loader_path/Frameworks";
				PRODUCT_NAME = "$(TARGET_NAME)";
				TEST_HOST = "$(BUILT_PRODUCTS_DIR)/Localizar.app/Localizar";
			};
			name = Debug;
		};
		86ED13341A5450290043DF56 /* Release */ = {
			isa = XCBuildConfiguration;
			buildSettings = {
				BUNDLE_LOADER = "$(TEST_HOST)";
				FRAMEWORK_SEARCH_PATHS = (
					"$(SDKROOT)/Developer/Library/Frameworks",
					"$(inherited)",
				);
				INFOPLIST_FILE = LocalizarTests/Info.plist;
				LD_RUNPATH_SEARCH_PATHS = "$(inherited) @executable_path/Frameworks @loader_path/Frameworks";
				PRODUCT_NAME = "$(TARGET_NAME)";
				TEST_HOST = "$(BUILT_PRODUCTS_DIR)/Localizar.app/Localizar";
			};
			name = Release;
		};
/* End XCBuildConfiguration section */

/* Begin XCConfigurationList section */
		86ED130B1A5450290043DF56 /* Build configuration list for PBXProject "Localizar" */ = {
			isa = XCConfigurationList;
			buildConfigurations = (
				86ED132D1A5450290043DF56 /* Debug */,
				86ED132E1A5450290043DF56 /* Release */,
			);
			defaultConfigurationIsVisible = 0;
			defaultConfigurationName = Release;
		};
		86ED132F1A5450290043DF56 /* Build configuration list for PBXNativeTarget "Localizar" */ = {
			isa = XCConfigurationList;
			buildConfigurations = (
				86ED13301A5450290043DF56 /* Debug */,
				86ED13311A5450290043DF56 /* Release */,
			);
			defaultConfigurationIsVisible = 0;
		};
		86ED13321A5450290043DF56 /* Build configuration list for PBXNativeTarget "LocalizarTests" */ = {
			isa = XCConfigurationList;
			buildConfigurations = (
				86ED13331A5450290043DF56 /* Debug */,
				86ED13341A5450290043DF56 /* Release */,
			);
			defaultConfigurationIsVisible = 0;
		};
/* End XCConfigurationList section */
	};
	rootObject = 86ED13081A5450290043DF56 /* Project object */;
}
